
Microsoft Visual Studio Solution File, Format Version 12.00
# Visual Studio Version 17
VisualStudioVersion = 17.14.36310.24 d17.14
MinimumVisualStudioVersion = 10.0.40219.1
Project("{FAE04EC0-301F-11D3-BF4B-00C04F79EFBC}") = "Day01_Empty_Project", "Day01_Empty_Project\Day01_Empty_Project.csproj", "{254F955B-E5FA-488C-BDBB-B9A09F490860}"
EndProject
Global
	GlobalSection(SolutionConfigurationPlatforms) = preSolution
		Debug|Any CPU = Debug|Any CPU
		Release|Any CPU = Release|Any CPU
	EndGlobalSection
	GlobalSection(ProjectConfigurationPlatforms) = postSolution
		{254F955B-E5FA-488C-BDBB-B9A09F490860}.Debug|Any CPU.ActiveCfg = Debug|Any CPU
		{254F955B-E5FA-488C-BDBB-B9A09F490860}.Debug|Any CPU.Build.0 = Debug|Any CPU
		{254F955B-E5FA-488C-BDBB-B9A09F490860}.Release|Any CPU.ActiveCfg = Release|Any CPU
		{254F955B-E5FA-488C-BDBB-B9A09F490860}.Release|Any CPU.Build.0 = Release|Any CPU
	EndGlobalSection
	GlobalSection(SolutionProperties) = preSolution
		HideSolutionNode = FALSE
	EndGlobalSection
	GlobalSection(ExtensibilityGlobals) = postSolution
		SolutionGuid = {B5A20AF3-30F5-4F36-9DA4-92475F3345A2}
	EndGlobalSection
EndGlobal
